
Microsoft Visual Studio Solution File, Format Version 12.00
# Visual Studio Version 17
VisualStudioVersion = 17.13.35806.99 d17.13
MinimumVisualStudioVersion = 10.0.40219.1
Project("{FAE04EC0-301F-11D3-BF4B-00C04F79EFBC}") = "Beysik-PCService", "Beysik-PCService.csproj", "{73E45CB2-1D98-4756-A4F9-AD9B2FD2ADED}"
EndProject
Global
	GlobalSection(SolutionConfigurationPlatforms) = preSolution
		Debug|Any CPU = Debug|Any CPU
		Release|Any CPU = Release|Any CPU
	EndGlobalSection
	GlobalSection(ProjectConfigurationPlatforms) = postSolution
		{73E45CB2-1D98-4756-A4F9-AD9B2FD2ADED}.Debug|Any CPU.ActiveCfg = Debug|Any CPU
		{73E45CB2-1D98-4756-A4F9-AD9B2FD2ADED}.Debug|Any CPU.Build.0 = Debug|Any CPU
		{73E45CB2-1D98-4756-A4F9-AD9B2FD2ADED}.Release|Any CPU.ActiveCfg = Release|Any CPU
		{73E45CB2-1D98-4756-A4F9-AD9B2FD2ADED}.Release|Any CPU.Build.0 = Release|Any CPU
	EndGlobalSection
	GlobalSection(SolutionProperties) = preSolution
		HideSolutionNode = FALSE
	EndGlobalSection
	GlobalSection(ExtensibilityGlobals) = postSolution
		SolutionGuid = {D27E49D4-76D4-485A-8B3C-276DFCE581DD}
	EndGlobalSection
EndGlobal
